// !$*UTF8*$!
{
	archiveVersion = 1;
	classes = {
	};
	objectVersion = 46;
	objects = {

/* Begin PBXBuildFile section */
		18081A821E686D4900F14AD2 /* AppDelegate.swift in Sources */ = {isa = PBXBuildFile; fileRef = 18081A811E686D4900F14AD2 /* AppDelegate.swift */; };
		18081A841E686D4900F14AD2 /* ViewController.swift in Sources */ = {isa = PBXBuildFile; fileRef = 18081A831E686D4900F14AD2 /* ViewController.swift */; };
		18081A871E686D4900F14AD2 /* Main.storyboard in Resources */ = {isa = PBXBuildFile; fileRef = 18081A851E686D4900F14AD2 /* Main.storyboard */; };
		18081A891E686D4900F14AD2 /* Assets.xcassets in Resources */ = {isa = PBXBuildFile; fileRef = 18081A881E686D4900F14AD2 /* Assets.xcassets */; };
		18081A8C1E686D4900F14AD2 /* LaunchScreen.storyboard in Resources */ = {isa = PBXBuildFile; fileRef = 18081A8A1E686D4900F14AD2 /* LaunchScreen.storyboard */; };
		18081A941E6876D700F14AD2 /* GoogleService-Info.plist in Resources */ = {isa = PBXBuildFile; fileRef = 18081A931E6876D700F14AD2 /* GoogleService-Info.plist */; };
		B1081AD08D1E03CBC79E968D /* Pods_VipSnapchat.framework in Frameworks */ = {isa = PBXBuildFile; fileRef = 5398C1B8FFE67A6E5A55D688 /* Pods_VipSnapchat.framework */; };
/* End PBXBuildFile section */

/* Begin PBXFileReference section */
		18081A7E1E686D4900F14AD2 /* VipSnapchat.app */ = {isa = PBXFileReference; explicitFileType = wrapper.application; includeInIndex = 0; path = VipSnapchat.app; sourceTree = BUILT_PRODUCTS_DIR; };
		18081A811E686D4900F14AD2 /* AppDelegate.swift */ = {isa = PBXFileReference; lastKnownFileType = sourcecode.swift; path = AppDelegate.swift; sourceTree = "<group>"; };
		18081A831E686D4900F14AD2 /* ViewController.swift */ = {isa = PBXFileReference; lastKnownFileType = sourcecode.swift; path = ViewController.swift; sourceTree = "<group>"; };
		18081A861E686D4900F14AD2 /* Base */ = {isa = PBXFileReference; lastKnownFileType = file.storyboard; name = Base; path = Base.lproj/Main.storyboard; sourceTree = "<group>"; };
		18081A881E686D4900F14AD2 /* Assets.xcassets */ = {isa = PBXFileReference; lastKnownFileType = folder.assetcatalog; path = Assets.xcassets; sourceTree = "<group>"; };
		18081A8B1E686D4900F14AD2 /* Base */ = {isa = PBXFileReference; lastKnownFileType = file.storyboard; name = Base; path = Base.lproj/LaunchScreen.storyboard; sourceTree = "<group>"; };
		18081A8D1E686D4900F14AD2 /* Info.plist */ = {isa = PBXFileReference; lastKnownFileType = text.plist.xml; path = Info.plist; sourceTree = "<group>"; };
		18081A931E6876D700F14AD2 /* GoogleService-Info.plist */ = {isa = PBXFileReference; fileEncoding = 4; lastKnownFileType = text.plist.xml; path = "GoogleService-Info.plist"; sourceTree = "<group>"; };
		5398C1B8FFE67A6E5A55D688 /* Pods_VipSnapchat.framework */ = {isa = PBXFileReference; explicitFileType = wrapper.framework; includeInIndex = 0; path = Pods_VipSnapchat.framework; sourceTree = BUILT_PRODUCTS_DIR; };
		BD1755FD50D8CDFA453549B6 /* Pods-VipSnapchat.debug.xcconfig */ = {isa = PBXFileReference; includeInIndex = 1; lastKnownFileType = text.xcconfig; name = "Pods-VipSnapchat.debug.xcconfig"; path = "Pods/Target Support Files/Pods-VipSnapchat/Pods-VipSnapchat.debug.xcconfig"; sourceTree = "<group>"; };
		D7F25BC02ECCCCD98C711587 /* Pods-VipSnapchat.release.xcconfig */ = {isa = PBXFileReference; includeInIndex = 1; lastKnownFileType = text.xcconfig; name = "Pods-VipSnapchat.release.xcconfig"; path = "Pods/Target Support Files/Pods-VipSnapchat/Pods-VipSnapchat.release.xcconfig"; sourceTree = "<group>"; };
/* End PBXFileReference section */

/* Begin PBXFrameworksBuildPhase section */
		18081A7B1E686D4900F14AD2 /* Frameworks */ = {
			isa = PBXFrameworksBuildPhase;
			buildActionMask = 2147483647;
			files = (
				B1081AD08D1E03CBC79E968D /* Pods_VipSnapchat.framework in Frameworks */,
			);
			runOnlyForDeploymentPostprocessing = 0;
		};
/* End PBXFrameworksBuildPhase section */

/* Begin PBXGroup section */
		18081A751E686D4900F14AD2 = {
			isa = PBXGroup;
			children = (
				18081A801E686D4900F14AD2 /* VipSnapchat */,
				18081A7F1E686D4900F14AD2 /* Products */,
				B7B7D183534F75F9A139CCA3 /* Pods */,
				431E8E9D624682723C71C293 /* Frameworks */,
			);
			sourceTree = "<group>";
		};
		18081A7F1E686D4900F14AD2 /* Products */ = {
			isa = PBXGroup;
			children = (
				18081A7E1E686D4900F14AD2 /* VipSnapchat.app */,
			);
			name = Products;
			sourceTree = "<group>";
		};
		18081A801E686D4900F14AD2 /* VipSnapchat */ = {
			isa = PBXGroup;
			children = (
				18081A811E686D4900F14AD2 /* AppDelegate.swift */,
				18081A831E686D4900F14AD2 /* ViewController.swift */,
				18081A851E686D4900F14AD2 /* Main.storyboard */,
				18081A881E686D4900F14AD2 /* Assets.xcassets */,
				18081A8A1E686D4900F14AD2 /* LaunchScreen.storyboard */,
				18081A931E6876D700F14AD2 /* GoogleService-Info.plist */,
				18081A8D1E686D4900F14AD2 /* Info.plist */,
			);
			path = VipSnapchat;
			sourceTree = "<group>";
		};
		431E8E9D624682723C71C293 /* Frameworks */ = {
			isa = PBXGroup;
			children = (
				5398C1B8FFE67A6E5A55D688 /* Pods_VipSnapchat.framework */,
			);
			name = Frameworks;
			sourceTree = "<group>";
		};
		B7B7D183534F75F9A139CCA3 /* Pods */ = {
			isa = PBXGroup;
			children = (
				BD1755FD50D8CDFA453549B6 /* Pods-VipSnapchat.debug.xcconfig */,
				D7F25BC02ECCCCD98C711587 /* Pods-VipSnapchat.release.xcconfig */,
			);
			name = Pods;
			sourceTree = "<group>";
		};
/* End PBXGroup section */

/* Begin PBXNativeTarget section */
		18081A7D1E686D4900F14AD2 /* VipSnapchat */ = {
			isa = PBXNativeTarget;
			buildConfigurationList = 18081A901E686D4900F14AD2 /* Build configuration list for PBXNativeTarget "VipSnapchat" */;
			buildPhases = (
				D6002E858806FE022AD2C5D7 /* [CP] Check Pods Manifest.lock */,
				18081A7A1E686D4900F14AD2 /* Sources */,
				18081A7B1E686D4900F14AD2 /* Frameworks */,
				18081A7C1E686D4900F14AD2 /* Resources */,
				B28F38AA3402F2D8C13B6AD3 /* [CP] Embed Pods Frameworks */,
				5DA47D9CFD09C70300B883AE /* [CP] Copy Pods Resources */,
			);
			buildRules = (
			);
			dependencies = (
			);
			name = VipSnapchat;
			productName = VipSnapchat;
			productReference = 18081A7E1E686D4900F14AD2 /* VipSnapchat.app */;
			productType = "com.apple.product-type.application";
		};
/* End PBXNativeTarget section */

/* Begin PBXProject section */
		18081A761E686D4900F14AD2 /* Project object */ = {
			isa = PBXProject;
			attributes = {
				LastSwiftUpdateCheck = 0830;
				LastUpgradeCheck = 0830;
				ORGANIZATIONNAME = itsviplove;
				TargetAttributes = {
					18081A7D1E686D4900F14AD2 = {
						CreatedOnToolsVersion = 8.3;
						ProvisioningStyle = Automatic;
					};
				};
			};
			buildConfigurationList = 18081A791E686D4900F14AD2 /* Build configuration list for PBXProject "VipSnapchat" */;
			compatibilityVersion = "Xcode 3.2";
			developmentRegion = English;
			hasScannedForEncodings = 0;
			knownRegions = (
				en,
				Base,
			);
			mainGroup = 18081A751E686D4900F14AD2;
			productRefGroup = 18081A7F1E686D4900F14AD2 /* Products */;
			projectDirPath = "";
			projectRoot = "";
			targets = (
				18081A7D1E686D4900F14AD2 /* VipSnapchat */,
			);
		};
/* End PBXProject section */

/* Begin PBXResourcesBuildPhase section */
		18081A7C1E686D4900F14AD2 /* Resources */ = {
			isa = PBXResourcesBuildPhase;
			buildActionMask = 2147483647;
			files = (
				18081A8C1E686D4900F14AD2 /* LaunchScreen.storyboard in Resources */,
				18081A941E6876D700F14AD2 /* GoogleService-Info.plist in Resources */,
				18081A891E686D4900F14AD2 /* Assets.xcassets in Resources */,
				18081A871E686D4900F14AD2 /* Main.storyboard in Resources */,
			);
			runOnlyForDeploymentPostprocessing = 0;
		};
/* End PBXResourcesBuildPhase section */

/* Begin PBXShellScriptBuildPhase section */
		5DA47D9CFD09C70300B883AE /* [CP] Copy Pods Resources */ = {
			isa = PBXShellScriptBuildPhase;
			buildActionMask = 2147483647;
			files = (
			);
			inputPaths = (
			);
			name = "[CP] Copy Pods Resources";
			outputPaths = (
			);
			runOnlyForDeploymentPostprocessing = 0;
			shellPath = /bin/sh;
			shellScript = "\"${SRCROOT}/Pods/Target Support Files/Pods-VipSnapchat/Pods-VipSnapchat-resources.sh\"\n";
			showEnvVarsInLog = 0;
		};
		B28F38AA3402F2D8C13B6AD3 /* [CP] Embed Pods Frameworks */ = {
			isa = PBXShellScriptBuildPhase;
			buildActionMask = 2147483647;
			files = (
			);
			inputPaths = (
			);
			name = "[CP] Embed Pods Frameworks";
			outputPaths = (
			);
			runOnlyForDeploymentPostprocessing = 0;
			shellPath = /bin/sh;
			shellScript = "\"${SRCROOT}/Pods/Target Support Files/Pods-VipSnapchat/Pods-VipSnapchat-frameworks.sh\"\n";
			showEnvVarsInLog = 0;
		};
		D6002E858806FE022AD2C5D7 /* [CP] Check Pods Manifest.lock */ = {
			isa = PBXShellScriptBuildPhase;
			buildActionMask = 2147483647;
			files = (
			);
			inputPaths = (
			);
			name = "[CP] Check Pods Manifest.lock";
			outputPaths = (
			);
			runOnlyForDeploymentPostprocessing = 0;
			shellPath = /bin/sh;
			shellScript = "diff \"${PODS_ROOT}/../Podfile.lock\" \"${PODS_ROOT}/Manifest.lock\" > /dev/null\nif [ $? != 0 ] ; then\n    # print error to STDERR\n    echo \"error: The sandbox is not in sync with the Podfile.lock. Run 'pod install' or update your CocoaPods installation.\" >&2\n    exit 1\nfi\n";
			showEnvVarsInLog = 0;
		};
/* End PBXShellScriptBuildPhase section */

/* Begin PBXSourcesBuildPhase section */
		18081A7A1E686D4900F14AD2 /* Sources */ = {
			isa = PBXSourcesBuildPhase;
			buildActionMask = 2147483647;
			files = (
				18081A841E686D4900F14AD2 /* ViewController.swift in Sources */,
				18081A821E686D4900F14AD2 /* AppDelegate.swift in Sources */,
			);
			runOnlyForDeploymentPostprocessing = 0;
		};
/* End PBXSourcesBuildPhase section */

/* Begin PBXVariantGroup section */
		18081A851E686D4900F14AD2 /* Main.storyboard */ = {
			isa = PBXVariantGroup;
			children = (
				18081A861E686D4900F14AD2 /* Base */,
			);
			name = Main.storyboard;
			sourceTree = "<group>";
		};
		18081A8A1E686D4900F14AD2 /* LaunchScreen.storyboard */ = {
			isa = PBXVariantGroup;
			children = (
				18081A8B1E686D4900F14AD2 /* Base */,
			);
			name = LaunchScreen.storyboard;
			sourceTree = "<group>";
		};
/* End PBXVariantGroup section */

/* Begin XCBuildConfiguration section */
		18081A8E1E686D4900F14AD2 /* Debug */ = {
			isa = XCBuildConfiguration;
			buildSettings = {
				ALWAYS_SEARCH_USER_PATHS = NO;
				CLANG_ANALYZER_NONNULL = YES;
				CLANG_ANALYZER_NUMBER_OBJECT_CONVERSION = YES_AGGRESSIVE;
				CLANG_CXX_LANGUAGE_STANDARD = "gnu++0x";
				CLANG_CXX_LIBRARY = "libc++";
				CLANG_ENABLE_MODULES = YES;
				CLANG_ENABLE_OBJC_ARC = YES;
				CLANG_WARN_BOOL_CONVERSION = YES;
				CLANG_WARN_CONSTANT_CONVERSION = YES;
				CLANG_WARN_DIRECT_OBJC_ISA_USAGE = YES_ERROR;
				CLANG_WARN_DOCUMENTATION_COMMENTS = YES;
				CLANG_WARN_EMPTY_BODY = YES;
				CLANG_WARN_ENUM_CONVERSION = YES;
				CLANG_WARN_INFINITE_RECURSION = YES;
				CLANG_WARN_INT_CONVERSION = YES;
				CLANG_WARN_OBJC_ROOT_CLASS = YES_ERROR;
				CLANG_WARN_SUSPICIOUS_MOVE = YES;
				CLANG_WARN_UNREACHABLE_CODE = YES;
				CLANG_WARN__DUPLICATE_METHOD_MATCH = YES;
				"CODE_SIGN_IDENTITY[sdk=iphoneos*]" = "iPhone Developer";
				COPY_PHASE_STRIP = NO;
				DEBUG_INFORMATION_FORMAT = dwarf;
				ENABLE_STRICT_OBJC_MSGSEND = YES;
				ENABLE_TESTABILITY = YES;
				GCC_C_LANGUAGE_STANDARD = gnu99;
				GCC_DYNAMIC_NO_PIC = NO;
				GCC_NO_COMMON_BLOCKS = YES;
				GCC_OPTIMIZATION_LEVEL = 0;
				GCC_PREPROCESSOR_DEFINITIONS = (
					"DEBUG=1",
					"$(inherited)",
				);
				GCC_WARN_64_TO_32_BIT_CONVERSION = YES;
				GCC_WARN_ABOUT_RETURN_TYPE = YES_ERROR;
				GCC_WARN_UNDECLARED_SELECTOR = YES;
				GCC_WARN_UNINITIALIZED_AUTOS = YES_AGGRESSIVE;
				GCC_WARN_UNUSED_FUNCTION = YES;
				GCC_WARN_UNUSED_VARIABLE = YES;
				IPHONEOS_DEPLOYMENT_TARGET = 10.3;
				MTL_ENABLE_DEBUG_INFO = YES;
				ONLY_ACTIVE_ARCH = YES;
				SDKROOT = iphoneos;
				SWIFT_ACTIVE_COMPILATION_CONDITIONS = DEBUG;
				SWIFT_OPTIMIZATION_LEVEL = "-Onone";
				TARGETED_DEVICE_FAMILY = "1,2";
			};
			name = Debug;
		};
		18081A8F1E686D4900F14AD2 /* Release */ = {
			isa = XCBuildConfiguration;
			buildSettings = {
				ALWAYS_SEARCH_USER_PATHS = NO;
				CLANG_ANALYZER_NONNULL = YES;
				CLANG_ANALYZER_NUMBER_OBJECT_CONVERSION = YES_AGGRESSIVE;
				CLANG_CXX_LANGUAGE_STANDARD = "gnu++0x";
				CLANG_CXX_LIBRARY = "libc++";
				CLANG_ENABLE_MODULES = YES;
				CLANG_ENABLE_OBJC_ARC = YES;
				CLANG_WARN_BOOL_CONVERSION = YES;
				CLANG_WARN_CONSTANT_CONVERSION = YES;
				CLANG_WARN_DIRECT_OBJC_ISA_USAGE = YES_ERROR;
				CLANG_WARN_DOCUMENTATION_COMMENTS = YES;
				CLANG_WARN_EMPTY_BODY = YES;
				CLANG_WARN_ENUM_CONVERSION = YES;
				CLANG_WARN_INFINITE_RECURSION = YES;
				CLANG_WARN_INT_CONVERSION = YES;
				CLANG_WARN_OBJC_ROOT_CLASS = YES_ERROR;
				CLANG_WARN_SUSPICIOUS_MOVE = YES;
				CLANG_WARN_UNREACHABLE_CODE = YES;
				CLANG_WARN__DUPLICATE_METHOD_MATCH = YES;
				"CODE_SIGN_IDENTITY[sdk=iphoneos*]" = "iPhone Developer";
				COPY_PHASE_STRIP = NO;
				DEBUG_INFORMATION_FORMAT = "dwarf-with-dsym";
				ENABLE_NS_ASSERTIONS = NO;
				ENABLE_STRICT_OBJC_MSGSEND = YES;
				GCC_C_LANGUAGE_STANDARD = gnu99;
				GCC_NO_COMMON_BLOCKS = YES;
				GCC_WARN_64_TO_32_BIT_CONVERSION = YES;
				GCC_WARN_ABOUT_RETURN_TYPE = YES_ERROR;
				GCC_WARN_UNDECLARED_SELECTOR = YES;
				GCC_WARN_UNINITIALIZED_AUTOS = YES_AGGRESSIVE;
				GCC_WARN_UNUSED_FUNCTION = YES;
				GCC_WARN_UNUSED_VARIABLE = YES;
				IPHONEOS_DEPLOYMENT_TARGET = 10.3;
				MTL_ENABLE_DEBUG_INFO = NO;
				SDKROOT = iphoneos;
				SWIFT_OPTIMIZATION_LEVEL = "-Owholemodule";
				TARGETED_DEVICE_FAMILY = "1,2";
				VALIDATE_PRODUCT = YES;
			};
			name = Release;
		};
		18081A911E686D4900F14AD2 /* Debug */ = {
			isa = XCBuildConfiguration;
			baseConfigurationReference = BD1755FD50D8CDFA453549B6 /* Pods-VipSnapchat.debug.xcconfig */;
			buildSettings = {
				ASSETCATALOG_COMPILER_APPICON_NAME = AppIcon;
				INFOPLIST_FILE = VipSnapchat/Info.plist;
				LD_RUNPATH_SEARCH_PATHS = "$(inherited) @executable_path/Frameworks";
				PRODUCT_BUNDLE_IDENTIFIER = com.itsviplove.VipSnapchat;
				PRODUCT_NAME = "$(TARGET_NAME)";
				SWIFT_VERSION = 3.0;
			};
			name = Debug;
		};
		18081A921E686D4900F14AD2 /* Release */ = {
			isa = XCBuildConfiguration;
			baseConfigurationReference = D7F25BC02ECCCCD98C711587 /* Pods-VipSnapchat.release.xcconfig */;
			buildSettings = {
				ASSETCATALOG_COMPILER_APPICON_NAME = AppIcon;
				INFOPLIST_FILE = VipSnapchat/Info.plist;
				LD_RUNPATH_SEARCH_PATHS = "$(inherited) @executable_path/Frameworks";
				PRODUCT_BUNDLE_IDENTIFIER = com.itsviplove.VipSnapchat;
				PRODUCT_NAME = "$(TARGET_NAME)";
				SWIFT_VERSION = 3.0;
			};
			name = Release;
		};
/* End XCBuildConfiguration section */

/* Begin XCConfigurationList section */
		18081A791E686D4900F14AD2 /* Build configuration list for PBXProject "VipSnapchat" */ = {
			isa = XCConfigurationList;
			buildConfigurations = (
				18081A8E1E686D4900F14AD2 /* Debug */,
				18081A8F1E686D4900F14AD2 /* Release */,
			);
			defaultConfigurationIsVisible = 0;
			defaultConfigurationName = Release;
		};
		18081A901E686D4900F14AD2 /* Build configuration list for PBXNativeTarget "VipSnapchat" */ = {
			isa = XCConfigurationList;
			buildConfigurations = (
				18081A911E686D4900F14AD2 /* Debug */,
				18081A921E686D4900F14AD2 /* Release */,
			);
			defaultConfigurationIsVisible = 0;
		};
/* End XCConfigurationList section */
	};
	rootObject = 18081A761E686D4900F14AD2 /* Project object */;
}
